
Microsoft Visual Studio Solution File, Format Version 12.00
# Visual Studio Version 17
VisualStudioVersion = 17.10.35027.167
MinimumVisualStudioVersion = 10.0.40219.1
Project("{FAE04EC0-301F-11D3-BF4B-00C04F79EFBC}") = "Caixa", "Caixa.csproj", "{E513B3AD-8765-4B04-92F5-188D4A7B6A06}"
EndProject
Global
	GlobalSection(SolutionConfigurationPlatforms) = preSolution
		Debug|Any CPU = Debug|Any CPU
		Release|Any CPU = Release|Any CPU
	EndGlobalSection
	GlobalSection(ProjectConfigurationPlatforms) = postSolution
		{E513B3AD-8765-4B04-92F5-188D4A7B6A06}.Debug|Any CPU.ActiveCfg = Debug|Any CPU
		{E513B3AD-8765-4B04-92F5-188D4A7B6A06}.Debug|Any CPU.Build.0 = Debug|Any CPU
		{E513B3AD-8765-4B04-92F5-188D4A7B6A06}.Release|Any CPU.ActiveCfg = Release|Any CPU
		{E513B3AD-8765-4B04-92F5-188D4A7B6A06}.Release|Any CPU.Build.0 = Release|Any CPU
	EndGlobalSection
	GlobalSection(SolutionProperties) = preSolution
		HideSolutionNode = FALSE
	EndGlobalSection
	GlobalSection(ExtensibilityGlobals) = postSolution
		SolutionGuid = {BB74E74A-08F7-47D9-924F-E7716D5C98B3}
	EndGlobalSection
EndGlobal
